
Microsoft Visual Studio Solution File, Format Version 12.00
# Visual Studio Version 16
VisualStudioVersion = 16.0.30204.135
MinimumVisualStudioVersion = 10.0.40219.1
Project("{FAE04EC0-301F-11D3-BF4B-00C04F79EFBC}") = "ArcObjectX", "ArcObjectX\ArcObjectX.csproj", "{88BC7E40-2E74-4B85-9260-2B8EC14D01F0}"
EndProject
Project("{FAE04EC0-301F-11D3-BF4B-00C04F79EFBC}") = "ArcObjectX_Sample", "ArcObjectX_Sample\ArcObjectX_Sample.csproj", "{A25CB775-AC2C-4B76-BD04-DBEECE049C3A}"
EndProject
Global
	GlobalSection(SolutionConfigurationPlatforms) = preSolution
		Debug|Any CPU = Debug|Any CPU
		Release|Any CPU = Release|Any CPU
	EndGlobalSection
	GlobalSection(ProjectConfigurationPlatforms) = postSolution
		{88BC7E40-2E74-4B85-9260-2B8EC14D01F0}.Debug|Any CPU.ActiveCfg = Debug|Any CPU
		{88BC7E40-2E74-4B85-9260-2B8EC14D01F0}.Debug|Any CPU.Build.0 = Debug|Any CPU
		{88BC7E40-2E74-4B85-9260-2B8EC14D01F0}.Release|Any CPU.ActiveCfg = Release|Any CPU
		{88BC7E40-2E74-4B85-9260-2B8EC14D01F0}.Release|Any CPU.Build.0 = Release|Any CPU
		{A25CB775-AC2C-4B76-BD04-DBEECE049C3A}.Debug|Any CPU.ActiveCfg = Debug|Any CPU
		{A25CB775-AC2C-4B76-BD04-DBEECE049C3A}.Debug|Any CPU.Build.0 = Debug|Any CPU
		{A25CB775-AC2C-4B76-BD04-DBEECE049C3A}.Release|Any CPU.ActiveCfg = Release|Any CPU
		{A25CB775-AC2C-4B76-BD04-DBEECE049C3A}.Release|Any CPU.Build.0 = Release|Any CPU
	EndGlobalSection
	GlobalSection(SolutionProperties) = preSolution
		HideSolutionNode = FALSE
	EndGlobalSection
	GlobalSection(ExtensibilityGlobals) = postSolution
		SolutionGuid = {66CD45E6-A02D-4203-868D-75C99ABC7B6B}
	EndGlobalSection
EndGlobal
